<?xml version="1.0" encoding="utf-8"?>
<Project ToolsVersion="4.0" xmlns="http://schemas.microsoft.com/developer/msbuild/2003">
  <ItemGroup>
    <Filter Include="源文件">
      <UniqueIdentifier>{4FC737F1-C7A5-4376-A066-2A32D752A2FF}</UniqueIdentifier>
      <Extensions>cpp;c;cc;cxx;def;odl;idl;hpj;bat;asm;asmx</Extensions>
    </Filter>
    <Filter Include="头文件">
      <UniqueIdentifier>{93995380-89BD-4b04-88EB-625FBE52EBFB}</UniqueIdentifier>
      <Extensions>h;hh;hpp;hxx;hm;inl;inc;xsd</Extensions>
    </Filter>
    <Filter Include="资源文件">
      <UniqueIdentifier>{67DA6AB6-F800-4c08-8B7A-83BB121AAD01}</UniqueIdentifier>
      <Extensions>rc;ico;cur;bmp;dlg;rc2;rct;bin;rgs;gif;jpg;jpeg;jpe;resx;tiff;tif;png;wav;mfcribbon-ms</Extensions>
    </Filter>
    <Filter Include="shaders">
      <UniqueIdentifier>{e80a0978-de8a-4291-8c57-a66aa7d0162c}</UniqueIdentifier>
    </Filter>
    <Filter Include="shaders\old">
      <UniqueIdentifier>{14a60324-a0e8-4cfa-9665-b67047f2f890}</UniqueIdentifier>
    </Filter>
    <Filter Include="shaders\shadow">
      <UniqueIdentifier>{64f028d0-cb1a-4e16-a1ea-1a5719e3431e}</UniqueIdentifier>
    </Filter>
    <Filter Include="shaders\pointShadow">
      <UniqueIdentifier>{94d9810c-4f6c-400d-8779-98c682513de2}</UniqueIdentifier>
    </Filter>
    <Filter Include="shaders\normalmapping">
      <UniqueIdentifier>{3ff82720-920e-4584-9b65-724dfca02101}</UniqueIdentifier>
    </Filter>
    <Filter Include="shaders\hdr">
      <UniqueIdentifier>{07463608-327b-48f1-8686-f5338ecfe54f}</UniqueIdentifier>
    </Filter>
    <Filter Include="shaders\bloom">
      <UniqueIdentifier>{4c67f3cc-63ef-4026-a5e0-ec06f6f174ee}</UniqueIdentifier>
    </Filter>
    <Filter Include="shaders\deferred_shading">
      <UniqueIdentifier>{7c644462-b68f-41bc-bfa5-ac41906f40c2}</UniqueIdentifier>
    </Filter>
    <Filter Include="shaders\text">
      <UniqueIdentifier>{965356e0-09a3-4161-884b-cdbbb6c29135}</UniqueIdentifier>
    </Filter>
  </ItemGroup>
  <ItemGroup>
    <ClCompile Include="main.cpp">
      <Filter>源文件</Filter>
    </ClCompile>
  </ItemGroup>
  <ItemGroup>
    <ClInclude Include="Shader.h">
      <Filter>源文件</Filter>
    </ClInclude>
    <ClInclude Include="Camera.h">
      <Filter>源文件</Filter>
    </ClInclude>
    <ClInclude Include="Mesh.h">
      <Filter>源文件</Filter>
    </ClInclude>
    <ClInclude Include="Model.h">
      <Filter>源文件</Filter>
    </ClInclude>
  </ItemGroup>
  <ItemGroup>
    <None Include="Debug\ubo_yellow.frag">
      <Filter>shaders\old</Filter>
    </None>
    <None Include="Debug\antialiasing.frag">
      <Filter>shaders\old</Filter>
    </None>
    <None Include="Debug\antialiasing.vs">
      <Filter>shaders\old</Filter>
    </None>
    <None Include="Debug\depth.frag">
      <Filter>shaders\old</Filter>
    </None>
    <None Include="Debug\depth.vs">
      <Filter>shaders\old</Filter>
    </None>
    <None Include="Debug\gamma_correction.frag">
      <Filter>shaders\old</Filter>
    </None>
    <None Include="Debug\gamma_correction.vs">
      <Filter>shaders\old</Filter>
    </None>
    <None Include="Debug\geometryShader.frag">
      <Filter>shaders\old</Filter>
    </None>
    <None Include="Debug\geometryShader.gs">
      <Filter>shaders\old</Filter>
    </None>
    <None Include="Debug\geometryShader.vs">
      <Filter>shaders\old</Filter>
    </None>
    <None Include="Debug\instance.frag">
      <Filter>shaders\old</Filter>
    </None>
    <None Include="Debug\instance.vs">
      <Filter>shaders\old</Filter>
    </None>
    <None Include="Debug\lamp.frag">
      <Filter>shaders\old</Filter>
    </None>
    <None Include="Debug\lamp.vs">
      <Filter>shaders\old</Filter>
    </None>
    <None Include="Debug\model.frag">
      <Filter>shaders\old</Filter>
    </None>
    <None Include="Debug\model.vs">
      <Filter>shaders\old</Filter>
    </None>
    <None Include="Debug\normal.frag">
      <Filter>shaders\old</Filter>
    </None>
    <None Include="Debug\normal.vs">
      <Filter>shaders\old</Filter>
    </None>
    <None Include="Debug\planet.frag">
      <Filter>shaders\old</Filter>
    </None>
    <None Include="Debug\planet.vs">
      <Filter>shaders\old</Filter>
    </None>
    <None Include="Debug\ShaderSingleColor.frag">
      <Filter>shaders\old</Filter>
    </None>
    <None Include="Debug\skybox.frag">
      <Filter>shaders\old</Filter>
    </None>
    <None Include="Debug\skybox.vs">
      <Filter>shaders\old</Filter>
    </None>
    <None Include="Debug\ubo.vs">
      <Filter>shaders\old</Filter>
    </None>
    <None Include="Debug\ubo_blue.frag">
      <Filter>shaders\old</Filter>
    </None>
    <None Include="Debug\ubo_green.frag">
      <Filter>shaders\old</Filter>
    </None>
    <None Include="Debug\ubo_red.frag">
      <Filter>shaders\old</Filter>
    </None>
    <None Include="Debug\debug_quad.frag">
      <Filter>shaders\shadow</Filter>
    </None>
    <None Include="Debug\debug_quad.vs">
      <Filter>shaders\shadow</Filter>
    </None>
    <None Include="Debug\shadow_mapping_depth.frag">
      <Filter>shaders\shadow</Filter>
    </None>
    <None Include="Debug\shadow_mapping_depth.vs">
      <Filter>shaders\shadow</Filter>
    </None>
    <None Include="Debug\shadow_mapping.frag">
      <Filter>shaders\shadow</Filter>
    </None>
    <None Include="Debug\shadow_mapping.vs">
      <Filter>shaders\shadow</Filter>
    </None>
    <None Include="Debug\point_shadow.frag">
      <Filter>shaders\pointShadow</Filter>
    </None>
    <None Include="Debug\point_shadow.vs">
      <Filter>shaders\pointShadow</Filter>
    </None>
    <None Include="Debug\point_shadow_depth.frag">
      <Filter>shaders\pointShadow</Filter>
    </None>
    <None Include="Debug\point_shadow_depth.vs">
      <Filter>shaders\pointShadow</Filter>
    </None>
    <None Include="Debug\point_shadow_depth.gs">
      <Filter>shaders\pointShadow</Filter>
    </None>
    <None Include="Debug\normal_mapping.frag">
      <Filter>shaders\normalmapping</Filter>
    </None>
    <None Include="Debug\normal_mapping.vs">
      <Filter>shaders\normalmapping</Filter>
    </None>
    <None Include="Debug\hdr.frag">
      <Filter>shaders\hdr</Filter>
    </None>
    <None Include="Debug\hdr.vs">
      <Filter>shaders\hdr</Filter>
    </None>
    <None Include="Debug\hdr\lighting.frag">
      <Filter>shaders\hdr</Filter>
    </None>
    <None Include="Debug\hdr\lighting.vs">
      <Filter>shaders\hdr</Filter>
    </None>
    <None Include="Debug\bloom.frag">
      <Filter>shaders\bloom</Filter>
    </None>
    <None Include="Debug\bloom.vs">
      <Filter>shaders\bloom</Filter>
    </None>
    <None Include="Debug\blur.frag">
      <Filter>shaders\bloom</Filter>
    </None>
    <None Include="Debug\blur.vs">
      <Filter>shaders\bloom</Filter>
    </None>
    <None Include="Debug\light_box.frag">
      <Filter>shaders\bloom</Filter>
    </None>
    <None Include="Debug\bloom_final.frag">
      <Filter>shaders\bloom</Filter>
    </None>
    <None Include="Debug\bloom_final.vs">
      <Filter>shaders\bloom</Filter>
    </None>
    <None Include="Debug\deferred_light_box.frag">
      <Filter>shaders\deferred_shading</Filter>
    </None>
    <None Include="Debug\deferred_light_box.vs">
      <Filter>shaders\deferred_shading</Filter>
    </None>
    <None Include="Debug\deferred_shading.vs">
      <Filter>shaders\deferred_shading</Filter>
    </None>
    <None Include="Debug\g_buffer.frag">
      <Filter>shaders\deferred_shading</Filter>
    </None>
    <None Include="Debug\g_buffer.vs">
      <Filter>shaders\deferred_shading</Filter>
    </None>
    <None Include="Debug\deferred_shading.frag">
      <Filter>shaders\deferred_shading</Filter>
    </None>
    <None Include="Debug\top_right.frag">
      <Filter>shaders\deferred_shading</Filter>
    </None>
    <None Include="Debug\top_right.vs">
      <Filter>shaders\deferred_shading</Filter>
    </None>
    <None Include="Debug\text.frag">
      <Filter>shaders\text</Filter>
    </None>
    <None Include="Debug\text.vs">
      <Filter>shaders\text</Filter>
    </None>
  </ItemGroup>
</Project>